
Microsoft Visual Studio Solution File, Format Version 12.00
# Visual Studio Version 16
VisualStudioVersion = 16.0.31205.134
MinimumVisualStudioVersion = 10.0.40219.1
Project("{FAE04EC0-301F-11D3-BF4B-00C04F79EFBC}") = "Micro-RoleBot", "Micro-RoleBot\Micro-RoleBot.csproj", "{74615C5C-B85C-430D-AD02-90A6BF477CD3}"
EndProject
Global
	GlobalSection(SolutionConfigurationPlatforms) = preSolution
		Debug|Any CPU = Debug|Any CPU
		Release|Any CPU = Release|Any CPU
	EndGlobalSection
	GlobalSection(ProjectConfigurationPlatforms) = postSolution
		{74615C5C-B85C-430D-AD02-90A6BF477CD3}.Debug|Any CPU.ActiveCfg = Debug|Any CPU
		{74615C5C-B85C-430D-AD02-90A6BF477CD3}.Debug|Any CPU.Build.0 = Debug|Any CPU
		{74615C5C-B85C-430D-AD02-90A6BF477CD3}.Release|Any CPU.ActiveCfg = Release|Any CPU
		{74615C5C-B85C-430D-AD02-90A6BF477CD3}.Release|Any CPU.Build.0 = Release|Any CPU
	EndGlobalSection
	GlobalSection(SolutionProperties) = preSolution
		HideSolutionNode = FALSE
	EndGlobalSection
	GlobalSection(ExtensibilityGlobals) = postSolution
		SolutionGuid = {84813634-4406-424D-B892-5F50E49FAD6E}
	EndGlobalSection
EndGlobal
